
Microsoft Visual Studio Solution File, Format Version 12.00
# Visual Studio Version 16
VisualStudioVersion = 16.0.32106.194
MinimumVisualStudioVersion = 10.0.40219.1
Project("{8BC9CEB8-8B4A-11D0-8D11-00A0C91BC942}") = "hello_cuda", "hello_cuda\hello_cuda.vcxproj", "{FA214EA0-5ECA-49FE-8369-DB61B6D4D4BA}"
EndProject
Global
	GlobalSection(SolutionConfigurationPlatforms) = preSolution
		Debug|x64 = Debug|x64
		Release|x64 = Release|x64
	EndGlobalSection
	GlobalSection(ProjectConfigurationPlatforms) = postSolution
		{FA214EA0-5ECA-49FE-8369-DB61B6D4D4BA}.Debug|x64.ActiveCfg = Debug|x64
		{FA214EA0-5ECA-49FE-8369-DB61B6D4D4BA}.Debug|x64.Build.0 = Debug|x64
		{FA214EA0-5ECA-49FE-8369-DB61B6D4D4BA}.Release|x64.ActiveCfg = Release|x64
		{FA214EA0-5ECA-49FE-8369-DB61B6D4D4BA}.Release|x64.Build.0 = Release|x64
	EndGlobalSection
	GlobalSection(SolutionProperties) = preSolution
		HideSolutionNode = FALSE
	EndGlobalSection
	GlobalSection(ExtensibilityGlobals) = postSolution
		SolutionGuid = {1C01E797-EEAE-4A3B-825B-5A3C822C946E}
	EndGlobalSection
EndGlobal
